// !$*UTF8*$!
{
	archiveVersion = 1;
	classes = {
	};
	objectVersion = 55;
	objects = {

/* Begin PBXBuildFile section */
		017683255F3E1B33C066FBB4 /* Pods_HyperPPDemo.framework in Frameworks */ = {isa = PBXBuildFile; fileRef = D7D144CC422506575EA719B1 /* Pods_HyperPPDemo.framework */; };
		796B715A280FDE8900242BBE /* UIComponents.swift in Sources */ = {isa = PBXBuildFile; fileRef = 796B7159280FDE8900242BBE /* UIComponents.swift */; };
		79AEC2572804317700B08444 /* AppDelegate.swift in Sources */ = {isa = PBXBuildFile; fileRef = 79AEC2562804317700B08444 /* AppDelegate.swift */; };
		79AEC2592804317700B08444 /* SceneDelegate.swift in Sources */ = {isa = PBXBuildFile; fileRef = 79AEC2582804317700B08444 /* SceneDelegate.swift */; };
		79AEC25B2804317700B08444 /* HomeViewController.swift in Sources */ = {isa = PBXBuildFile; fileRef = 79AEC25A2804317700B08444 /* HomeViewController.swift */; };
		79AEC25E2804317700B08444 /* Main.storyboard in Resources */ = {isa = PBXBuildFile; fileRef = 79AEC25C2804317700B08444 /* Main.storyboard */; };
		79AEC2602804317800B08444 /* Assets.xcassets in Resources */ = {isa = PBXBuildFile; fileRef = 79AEC25F2804317800B08444 /* Assets.xcassets */; };
		79AEC2632804317800B08444 /* LaunchScreen.storyboard in Resources */ = {isa = PBXBuildFile; fileRef = 79AEC2612804317800B08444 /* LaunchScreen.storyboard */; };
		79F36F7428043BF600509237 /* CheckoutViewController.swift in Sources */ = {isa = PBXBuildFile; fileRef = 79F36F7328043BF600509237 /* CheckoutViewController.swift */; };
		79F460A9280461EE00C29E69 /* StatusViewController.swift in Sources */ = {isa = PBXBuildFile; fileRef = 79F460A8280461EE00C29E69 /* StatusViewController.swift */; };
/* End PBXBuildFile section */

/* Begin PBXFileReference section */
		796B7159280FDE8900242BBE /* UIComponents.swift */ = {isa = PBXFileReference; lastKnownFileType = sourcecode.swift; path = UIComponents.swift; sourceTree = "<group>"; };
		79AEC2532804317700B08444 /* HyperPPDemo.app */ = {isa = PBXFileReference; explicitFileType = wrapper.application; includeInIndex = 0; path = HyperPPDemo.app; sourceTree = BUILT_PRODUCTS_DIR; };
		79AEC2562804317700B08444 /* AppDelegate.swift */ = {isa = PBXFileReference; lastKnownFileType = sourcecode.swift; path = AppDelegate.swift; sourceTree = "<group>"; };
		79AEC2582804317700B08444 /* SceneDelegate.swift */ = {isa = PBXFileReference; lastKnownFileType = sourcecode.swift; path = SceneDelegate.swift; sourceTree = "<group>"; };
		79AEC25A2804317700B08444 /* HomeViewController.swift */ = {isa = PBXFileReference; lastKnownFileType = sourcecode.swift; path = HomeViewController.swift; sourceTree = "<group>"; };
		79AEC25D2804317700B08444 /* Base */ = {isa = PBXFileReference; lastKnownFileType = file.storyboard; name = Base; path = Base.lproj/Main.storyboard; sourceTree = "<group>"; };
		79AEC25F2804317800B08444 /* Assets.xcassets */ = {isa = PBXFileReference; lastKnownFileType = folder.assetcatalog; path = Assets.xcassets; sourceTree = "<group>"; };
		79AEC2622804317800B08444 /* Base */ = {isa = PBXFileReference; lastKnownFileType = file.storyboard; name = Base; path = Base.lproj/LaunchScreen.storyboard; sourceTree = "<group>"; };
		79AEC2642804317800B08444 /* Info.plist */ = {isa = PBXFileReference; lastKnownFileType = text.plist.xml; path = Info.plist; sourceTree = "<group>"; };
		79F36F7328043BF600509237 /* CheckoutViewController.swift */ = {isa = PBXFileReference; lastKnownFileType = sourcecode.swift; path = CheckoutViewController.swift; sourceTree = "<group>"; };
		79F460A8280461EE00C29E69 /* StatusViewController.swift */ = {isa = PBXFileReference; lastKnownFileType = sourcecode.swift; path = StatusViewController.swift; sourceTree = "<group>"; };
		7A31C9240BEF21A42301F503 /* Pods-HyperPPDemo.debug.xcconfig */ = {isa = PBXFileReference; includeInIndex = 1; lastKnownFileType = text.xcconfig; name = "Pods-HyperPPDemo.debug.xcconfig"; path = "Target Support Files/Pods-HyperPPDemo/Pods-HyperPPDemo.debug.xcconfig"; sourceTree = "<group>"; };
		9F32232E02809FAA59AFDE86 /* Pods-HyperPPDemo.release.xcconfig */ = {isa = PBXFileReference; includeInIndex = 1; lastKnownFileType = text.xcconfig; name = "Pods-HyperPPDemo.release.xcconfig"; path = "Target Support Files/Pods-HyperPPDemo/Pods-HyperPPDemo.release.xcconfig"; sourceTree = "<group>"; };
		D7D144CC422506575EA719B1 /* Pods_HyperPPDemo.framework */ = {isa = PBXFileReference; explicitFileType = wrapper.framework; includeInIndex = 0; path = Pods_HyperPPDemo.framework; sourceTree = BUILT_PRODUCTS_DIR; };
/* End PBXFileReference section */

/* Begin PBXFrameworksBuildPhase section */
		79AEC2502804317700B08444 /* Frameworks */ = {
			isa = PBXFrameworksBuildPhase;
			buildActionMask = 2147483647;
			files = (
				017683255F3E1B33C066FBB4 /* Pods_HyperPPDemo.framework in Frameworks */,
			);
			runOnlyForDeploymentPostprocessing = 0;
		};
/* End PBXFrameworksBuildPhase section */

/* Begin PBXGroup section */
		380DA9F6B2204752C3A1E751 /* Frameworks */ = {
			isa = PBXGroup;
			children = (
				D7D144CC422506575EA719B1 /* Pods_HyperPPDemo.framework */,
			);
			name = Frameworks;
			sourceTree = "<group>";
		};
		79AEC24A2804317700B08444 = {
			isa = PBXGroup;
			children = (
				79AEC2552804317700B08444 /* HyperPPDemo */,
				79AEC2542804317700B08444 /* Products */,
				A79CF289E3AE4F9005824436 /* Pods */,
				380DA9F6B2204752C3A1E751 /* Frameworks */,
			);
			sourceTree = "<group>";
		};
		79AEC2542804317700B08444 /* Products */ = {
			isa = PBXGroup;
			children = (
				79AEC2532804317700B08444 /* HyperPPDemo.app */,
			);
			name = Products;
			sourceTree = "<group>";
		};
		79AEC2552804317700B08444 /* HyperPPDemo */ = {
			isa = PBXGroup;
			children = (
				79AEC2582804317700B08444 /* SceneDelegate.swift */,
				79AEC2562804317700B08444 /* AppDelegate.swift */,
				79AEC25A2804317700B08444 /* HomeViewController.swift */,
				79F36F7328043BF600509237 /* CheckoutViewController.swift */,
				79F460A8280461EE00C29E69 /* StatusViewController.swift */,
				796B7159280FDE8900242BBE /* UIComponents.swift */,
				79AEC25F2804317800B08444 /* Assets.xcassets */,
				79AEC25C2804317700B08444 /* Main.storyboard */,
				79AEC2612804317800B08444 /* LaunchScreen.storyboard */,
				79AEC2642804317800B08444 /* Info.plist */,
			);
			path = HyperPPDemo;
			sourceTree = "<group>";
		};
		A79CF289E3AE4F9005824436 /* Pods */ = {
			isa = PBXGroup;
			children = (
				7A31C9240BEF21A42301F503 /* Pods-HyperPPDemo.debug.xcconfig */,
				9F32232E02809FAA59AFDE86 /* Pods-HyperPPDemo.release.xcconfig */,
			);
			path = Pods;
			sourceTree = "<group>";
		};
/* End PBXGroup section */

/* Begin PBXNativeTarget section */
		79AEC2522804317700B08444 /* HyperPPDemo */ = {
			isa = PBXNativeTarget;
			buildConfigurationList = 79AEC2672804317800B08444 /* Build configuration list for PBXNativeTarget "HyperPPDemo" */;
			buildPhases = (
				A14BCD5E4E1AD333021C54D3 /* [CP] Check Pods Manifest.lock */,
				79AEC24F2804317700B08444 /* Sources */,
				79AEC2502804317700B08444 /* Frameworks */,
				79AEC2512804317700B08444 /* Resources */,
				592A15C4FB1E3157E87C6280 /* [CP] Embed Pods Frameworks */,
				628AB0D2F2E7EF9D39FBDE7B /* [CP] Copy Pods Resources */,
			);
			buildRules = (
			);
			dependencies = (
			);
			name = HyperPPDemo;
			productName = "Juspay SDK Integration Demo";
			productReference = 79AEC2532804317700B08444 /* HyperPPDemo.app */;
			productType = "com.apple.product-type.application";
		};
/* End PBXNativeTarget section */

/* Begin PBXProject section */
		79AEC24B2804317700B08444 /* Project object */ = {
			isa = PBXProject;
			attributes = {
				BuildIndependentTargetsInParallel = 1;
				LastSwiftUpdateCheck = 1330;
				LastUpgradeCheck = 1330;
				TargetAttributes = {
					79AEC2522804317700B08444 = {
						CreatedOnToolsVersion = 13.3;
					};
				};
			};
			buildConfigurationList = 79AEC24E2804317700B08444 /* Build configuration list for PBXProject "HyperPPDemo" */;
			compatibilityVersion = "Xcode 13.0";
			developmentRegion = en;
			hasScannedForEncodings = 0;
			knownRegions = (
				en,
				Base,
			);
			mainGroup = 79AEC24A2804317700B08444;
			productRefGroup = 79AEC2542804317700B08444 /* Products */;
			projectDirPath = "";
			projectRoot = "";
			targets = (
				79AEC2522804317700B08444 /* HyperPPDemo */,
			);
		};
/* End PBXProject section */

/* Begin PBXResourcesBuildPhase section */
		79AEC2512804317700B08444 /* Resources */ = {
			isa = PBXResourcesBuildPhase;
			buildActionMask = 2147483647;
			files = (
				79AEC2632804317800B08444 /* LaunchScreen.storyboard in Resources */,
				79AEC2602804317800B08444 /* Assets.xcassets in Resources */,
				79AEC25E2804317700B08444 /* Main.storyboard in Resources */,
			);
			runOnlyForDeploymentPostprocessing = 0;
		};
/* End PBXResourcesBuildPhase section */

/* Begin PBXShellScriptBuildPhase section */
		592A15C4FB1E3157E87C6280 /* [CP] Embed Pods Frameworks */ = {
			isa = PBXShellScriptBuildPhase;
			buildActionMask = 2147483647;
			files = (
			);
			inputFileListPaths = (
				"${PODS_ROOT}/Target Support Files/Pods-HyperPPDemo/Pods-HyperPPDemo-frameworks-${CONFIGURATION}-input-files.xcfilelist",
			);
			name = "[CP] Embed Pods Frameworks";
			outputFileListPaths = (
				"${PODS_ROOT}/Target Support Files/Pods-HyperPPDemo/Pods-HyperPPDemo-frameworks-${CONFIGURATION}-output-files.xcfilelist",
			);
			runOnlyForDeploymentPostprocessing = 0;
			shellPath = /bin/sh;
			shellScript = "\"${PODS_ROOT}/Target Support Files/Pods-HyperPPDemo/Pods-HyperPPDemo-frameworks.sh\"\n";
			showEnvVarsInLog = 0;
		};
		628AB0D2F2E7EF9D39FBDE7B /* [CP] Copy Pods Resources */ = {
			isa = PBXShellScriptBuildPhase;
			buildActionMask = 2147483647;
			files = (
			);
			inputFileListPaths = (
				"${PODS_ROOT}/Target Support Files/Pods-HyperPPDemo/Pods-HyperPPDemo-resources-${CONFIGURATION}-input-files.xcfilelist",
			);
			name = "[CP] Copy Pods Resources";
			outputFileListPaths = (
				"${PODS_ROOT}/Target Support Files/Pods-HyperPPDemo/Pods-HyperPPDemo-resources-${CONFIGURATION}-output-files.xcfilelist",
			);
			runOnlyForDeploymentPostprocessing = 0;
			shellPath = /bin/sh;
			shellScript = "\"${PODS_ROOT}/Target Support Files/Pods-HyperPPDemo/Pods-HyperPPDemo-resources.sh\"\n";
			showEnvVarsInLog = 0;
		};
		A14BCD5E4E1AD333021C54D3 /* [CP] Check Pods Manifest.lock */ = {
			isa = PBXShellScriptBuildPhase;
			buildActionMask = 2147483647;
			files = (
			);
			inputFileListPaths = (
			);
			inputPaths = (
				"${PODS_PODFILE_DIR_PATH}/Podfile.lock",
				"${PODS_ROOT}/Manifest.lock",
			);
			name = "[CP] Check Pods Manifest.lock";
			outputFileListPaths = (
			);
			outputPaths = (
				"$(DERIVED_FILE_DIR)/Pods-HyperPPDemo-checkManifestLockResult.txt",
			);
			runOnlyForDeploymentPostprocessing = 0;
			shellPath = /bin/sh;
			shellScript = "diff \"${PODS_PODFILE_DIR_PATH}/Podfile.lock\" \"${PODS_ROOT}/Manifest.lock\" > /dev/null\nif [ $? != 0 ] ; then\n    # print error to STDERR\n    echo \"error: The sandbox is not in sync with the Podfile.lock. Run 'pod install' or update your CocoaPods installation.\" >&2\n    exit 1\nfi\n# This output is used by Xcode 'outputs' to avoid re-running this script phase.\necho \"SUCCESS\" > \"${SCRIPT_OUTPUT_FILE_0}\"\n";
			showEnvVarsInLog = 0;
		};
/* End PBXShellScriptBuildPhase section */

/* Begin PBXSourcesBuildPhase section */
		79AEC24F2804317700B08444 /* Sources */ = {
			isa = PBXSourcesBuildPhase;
			buildActionMask = 2147483647;
			files = (
				79F36F7428043BF600509237 /* CheckoutViewController.swift in Sources */,
				796B715A280FDE8900242BBE /* UIComponents.swift in Sources */,
				79F460A9280461EE00C29E69 /* StatusViewController.swift in Sources */,
				79AEC25B2804317700B08444 /* HomeViewController.swift in Sources */,
				79AEC2572804317700B08444 /* AppDelegate.swift in Sources */,
				79AEC2592804317700B08444 /* SceneDelegate.swift in Sources */,
			);
			runOnlyForDeploymentPostprocessing = 0;
		};
/* End PBXSourcesBuildPhase section */

/* Begin PBXVariantGroup section */
		79AEC25C2804317700B08444 /* Main.storyboard */ = {
			isa = PBXVariantGroup;
			children = (
				79AEC25D2804317700B08444 /* Base */,
			);
			name = Main.storyboard;
			sourceTree = "<group>";
		};
		79AEC2612804317800B08444 /* LaunchScreen.storyboard */ = {
			isa = PBXVariantGroup;
			children = (
				79AEC2622804317800B08444 /* Base */,
			);
			name = LaunchScreen.storyboard;
			sourceTree = "<group>";
		};
/* End PBXVariantGroup section */

/* Begin XCBuildConfiguration section */
		79AEC2652804317800B08444 /* Debug */ = {
			isa = XCBuildConfiguration;
			buildSettings = {
				ALWAYS_SEARCH_USER_PATHS = NO;
				CLANG_ANALYZER_NONNULL = YES;
				CLANG_ANALYZER_NUMBER_OBJECT_CONVERSION = YES_AGGRESSIVE;
				CLANG_CXX_LANGUAGE_STANDARD = "gnu++17";
				CLANG_ENABLE_MODULES = YES;
				CLANG_ENABLE_OBJC_ARC = YES;
				CLANG_ENABLE_OBJC_WEAK = YES;
				CLANG_WARN_BLOCK_CAPTURE_AUTORELEASING = YES;
				CLANG_WARN_BOOL_CONVERSION = YES;
				CLANG_WARN_COMMA = YES;
				CLANG_WARN_CONSTANT_CONVERSION = YES;
				CLANG_WARN_DEPRECATED_OBJC_IMPLEMENTATIONS = YES;
				CLANG_WARN_DIRECT_OBJC_ISA_USAGE = YES_ERROR;
				CLANG_WARN_DOCUMENTATION_COMMENTS = YES;
				CLANG_WARN_EMPTY_BODY = YES;
				CLANG_WARN_ENUM_CONVERSION = YES;
				CLANG_WARN_INFINITE_RECURSION = YES;
				CLANG_WARN_INT_CONVERSION = YES;
				CLANG_WARN_NON_LITERAL_NULL_CONVERSION = YES;
				CLANG_WARN_OBJC_IMPLICIT_RETAIN_SELF = YES;
				CLANG_WARN_OBJC_LITERAL_CONVERSION = YES;
				CLANG_WARN_OBJC_ROOT_CLASS = YES_ERROR;
				CLANG_WARN_QUOTED_INCLUDE_IN_FRAMEWORK_HEADER = YES;
				CLANG_WARN_RANGE_LOOP_ANALYSIS = YES;
				CLANG_WARN_STRICT_PROTOTYPES = YES;
				CLANG_WARN_SUSPICIOUS_MOVE = YES;
				CLANG_WARN_UNGUARDED_AVAILABILITY = YES_AGGRESSIVE;
				CLANG_WARN_UNREACHABLE_CODE = YES;
				CLANG_WARN__DUPLICATE_METHOD_MATCH = YES;
				COPY_PHASE_STRIP = NO;
				DEBUG_INFORMATION_FORMAT = dwarf;
				ENABLE_STRICT_OBJC_MSGSEND = YES;
				ENABLE_TESTABILITY = YES;
				GCC_C_LANGUAGE_STANDARD = gnu11;
				GCC_DYNAMIC_NO_PIC = NO;
				GCC_NO_COMMON_BLOCKS = YES;
				GCC_OPTIMIZATION_LEVEL = 0;
				GCC_PREPROCESSOR_DEFINITIONS = (
					"DEBUG=1",
					"$(inherited)",
				);
				GCC_WARN_64_TO_32_BIT_CONVERSION = YES;
				GCC_WARN_ABOUT_RETURN_TYPE = YES_ERROR;
				GCC_WARN_UNDECLARED_SELECTOR = YES;
				GCC_WARN_UNINITIALIZED_AUTOS = YES_AGGRESSIVE;
				GCC_WARN_UNUSED_FUNCTION = YES;
				GCC_WARN_UNUSED_VARIABLE = YES;
				IPHONEOS_DEPLOYMENT_TARGET = 11.0;
				MTL_ENABLE_DEBUG_INFO = INCLUDE_SOURCE;
				MTL_FAST_MATH = YES;
				ONLY_ACTIVE_ARCH = YES;
				SDKROOT = iphoneos;
				SWIFT_ACTIVE_COMPILATION_CONDITIONS = DEBUG;
				SWIFT_OPTIMIZATION_LEVEL = "-Onone";
			};
			name = Debug;
		};
		79AEC2662804317800B08444 /* Release */ = {
			isa = XCBuildConfiguration;
			buildSettings = {
				ALWAYS_SEARCH_USER_PATHS = NO;
				CLANG_ANALYZER_NONNULL = YES;
				CLANG_ANALYZER_NUMBER_OBJECT_CONVERSION = YES_AGGRESSIVE;
				CLANG_CXX_LANGUAGE_STANDARD = "gnu++17";
				CLANG_ENABLE_MODULES = YES;
				CLANG_ENABLE_OBJC_ARC = YES;
				CLANG_ENABLE_OBJC_WEAK = YES;
				CLANG_WARN_BLOCK_CAPTURE_AUTORELEASING = YES;
				CLANG_WARN_BOOL_CONVERSION = YES;
				CLANG_WARN_COMMA = YES;
				CLANG_WARN_CONSTANT_CONVERSION = YES;
				CLANG_WARN_DEPRECATED_OBJC_IMPLEMENTATIONS = YES;
				CLANG_WARN_DIRECT_OBJC_ISA_USAGE = YES_ERROR;
				CLANG_WARN_DOCUMENTATION_COMMENTS = YES;
				CLANG_WARN_EMPTY_BODY = YES;
				CLANG_WARN_ENUM_CONVERSION = YES;
				CLANG_WARN_INFINITE_RECURSION = YES;
				CLANG_WARN_INT_CONVERSION = YES;
				CLANG_WARN_NON_LITERAL_NULL_CONVERSION = YES;
				CLANG_WARN_OBJC_IMPLICIT_RETAIN_SELF = YES;
				CLANG_WARN_OBJC_LITERAL_CONVERSION = YES;
				CLANG_WARN_OBJC_ROOT_CLASS = YES_ERROR;
				CLANG_WARN_QUOTED_INCLUDE_IN_FRAMEWORK_HEADER = YES;
				CLANG_WARN_RANGE_LOOP_ANALYSIS = YES;
				CLANG_WARN_STRICT_PROTOTYPES = YES;
				CLANG_WARN_SUSPICIOUS_MOVE = YES;
				CLANG_WARN_UNGUARDED_AVAILABILITY = YES_AGGRESSIVE;
				CLANG_WARN_UNREACHABLE_CODE = YES;
				CLANG_WARN__DUPLICATE_METHOD_MATCH = YES;
				COPY_PHASE_STRIP = NO;
				DEBUG_INFORMATION_FORMAT = "dwarf-with-dsym";
				ENABLE_NS_ASSERTIONS = NO;
				ENABLE_STRICT_OBJC_MSGSEND = YES;
				GCC_C_LANGUAGE_STANDARD = gnu11;
				GCC_NO_COMMON_BLOCKS = YES;
				GCC_WARN_64_TO_32_BIT_CONVERSION = YES;
				GCC_WARN_ABOUT_RETURN_TYPE = YES_ERROR;
				GCC_WARN_UNDECLARED_SELECTOR = YES;
				GCC_WARN_UNINITIALIZED_AUTOS = YES_AGGRESSIVE;
				GCC_WARN_UNUSED_FUNCTION = YES;
				GCC_WARN_UNUSED_VARIABLE = YES;
				IPHONEOS_DEPLOYMENT_TARGET = 11.0;
				MTL_ENABLE_DEBUG_INFO = NO;
				MTL_FAST_MATH = YES;
				SDKROOT = iphoneos;
				SWIFT_COMPILATION_MODE = wholemodule;
				SWIFT_OPTIMIZATION_LEVEL = "-O";
				VALIDATE_PRODUCT = YES;
			};
			name = Release;
		};
		79AEC2682804317800B08444 /* Debug */ = {
			isa = XCBuildConfiguration;
			baseConfigurationReference = 7A31C9240BEF21A42301F503 /* Pods-HyperPPDemo.debug.xcconfig */;
			buildSettings = {
				ASSETCATALOG_COMPILER_APPICON_NAME = AppIcon;
				ASSETCATALOG_COMPILER_GLOBAL_ACCENT_COLOR_NAME = AccentColor;
				CODE_SIGN_IDENTITY = "iPhone Developer";
				CODE_SIGN_STYLE = Manual;
				CURRENT_PROJECT_VERSION = 1;
				DEVELOPMENT_TEAM = 5A2789GCZM;
				"EXCLUDED_ARCHS[sdk=iphonesimulator*]" = arm64;
				GENERATE_INFOPLIST_FILE = YES;
				INFOPLIST_FILE = HyperPPDemo/Info.plist;
				INFOPLIST_KEY_UIApplicationSupportsIndirectInputEvents = YES;
				INFOPLIST_KEY_UILaunchStoryboardName = LaunchScreen;
				INFOPLIST_KEY_UIMainStoryboardFile = Main;
				INFOPLIST_KEY_UISupportedInterfaceOrientations_iPad = "UIInterfaceOrientationPortrait UIInterfaceOrientationPortraitUpsideDown UIInterfaceOrientationLandscapeLeft UIInterfaceOrientationLandscapeRight";
				INFOPLIST_KEY_UISupportedInterfaceOrientations_iPhone = "UIInterfaceOrientationPortrait UIInterfaceOrientationLandscapeLeft UIInterfaceOrientationLandscapeRight";
				LD_RUNPATH_SEARCH_PATHS = (
					"$(inherited)",
					"@executable_path/Frameworks",
				);
				MARKETING_VERSION = 1.0;
				PRODUCT_BUNDLE_IDENTIFIER = com.manashlifestyle.purplle;
				PRODUCT_NAME = "$(TARGET_NAME)";
				PROVISIONING_PROFILE_SPECIFIER = Provisioning_Dev;
				SWIFT_EMIT_LOC_STRINGS = YES;
				SWIFT_VERSION = 5.0;
				TARGETED_DEVICE_FAMILY = "1,2";
			};
			name = Debug;
		};
		79AEC2692804317800B08444 /* Release */ = {
			isa = XCBuildConfiguration;
			baseConfigurationReference = 9F32232E02809FAA59AFDE86 /* Pods-HyperPPDemo.release.xcconfig */;
			buildSettings = {
				ASSETCATALOG_COMPILER_APPICON_NAME = AppIcon;
				ASSETCATALOG_COMPILER_GLOBAL_ACCENT_COLOR_NAME = AccentColor;
				CODE_SIGN_IDENTITY = "iPhone Developer";
				CODE_SIGN_STYLE = Manual;
				CURRENT_PROJECT_VERSION = 1;
				DEVELOPMENT_TEAM = 5A2789GCZM;
				"EXCLUDED_ARCHS[sdk=iphonesimulator*]" = arm64;
				GENERATE_INFOPLIST_FILE = YES;
				INFOPLIST_FILE = HyperPPDemo/Info.plist;
				INFOPLIST_KEY_UIApplicationSupportsIndirectInputEvents = YES;
				INFOPLIST_KEY_UILaunchStoryboardName = LaunchScreen;
				INFOPLIST_KEY_UIMainStoryboardFile = Main;
				INFOPLIST_KEY_UISupportedInterfaceOrientations_iPad = "UIInterfaceOrientationPortrait UIInterfaceOrientationPortraitUpsideDown UIInterfaceOrientationLandscapeLeft UIInterfaceOrientationLandscapeRight";
				INFOPLIST_KEY_UISupportedInterfaceOrientations_iPhone = "UIInterfaceOrientationPortrait UIInterfaceOrientationLandscapeLeft UIInterfaceOrientationLandscapeRight";
				LD_RUNPATH_SEARCH_PATHS = (
					"$(inherited)",
					"@executable_path/Frameworks",
				);
				MARKETING_VERSION = 1.0;
				PRODUCT_BUNDLE_IDENTIFIER = com.manashlifestyle.purplle;
				PRODUCT_NAME = "$(TARGET_NAME)";
				PROVISIONING_PROFILE_SPECIFIER = Provisioning_Dev;
				SWIFT_EMIT_LOC_STRINGS = YES;
				SWIFT_VERSION = 5.0;
				TARGETED_DEVICE_FAMILY = "1,2";
			};
			name = Release;
		};
/* End XCBuildConfiguration section */

/* Begin XCConfigurationList section */
		79AEC24E2804317700B08444 /* Build configuration list for PBXProject "HyperPPDemo" */ = {
			isa = XCConfigurationList;
			buildConfigurations = (
				79AEC2652804317800B08444 /* Debug */,
				79AEC2662804317800B08444 /* Release */,
			);
			defaultConfigurationIsVisible = 0;
			defaultConfigurationName = Release;
		};
		79AEC2672804317800B08444 /* Build configuration list for PBXNativeTarget "HyperPPDemo" */ = {
			isa = XCConfigurationList;
			buildConfigurations = (
				79AEC2682804317800B08444 /* Debug */,
				79AEC2692804317800B08444 /* Release */,
			);
			defaultConfigurationIsVisible = 0;
			defaultConfigurationName = Release;
		};
/* End XCConfigurationList section */
	};
	rootObject = 79AEC24B2804317700B08444 /* Project object */;
}
